
Microsoft Visual Studio Solution File, Format Version 12.00
# Visual Studio 15
VisualStudioVersion = 15.0.27703.2042
MinimumVisualStudioVersion = 10.0.40219.1
Project("{FAE04EC0-301F-11D3-BF4B-00C04F79EFBC}") = "NewSecurityDemo", "NewSecurityDemo\NewSecurityDemo.csproj", "{BE6E798B-C6BB-4896-A6FC-D34497277483}"
EndProject
Project("{00D1A9C2-B5F0-4AF3-8072-F6C62B433612}") = "OverDocsDatabase", "OverDocsDatabase\OverDocsDatabase.sqlproj", "{79CB3B5F-5875-4B8D-B8DF-55B54941AFD3}"
EndProject
Project("{FAE04EC0-301F-11D3-BF4B-00C04F79EFBC}") = "Common", "Common\Common.csproj", "{DE38BEE2-6D34-4CA5-BDE1-92E6D8362B1F}"
EndProject
Project("{FAE04EC0-301F-11D3-BF4B-00C04F79EFBC}") = "OverDocsModels", "OverDocsModels\OverDocsModels.csproj", "{1563E194-4CE3-47CE-B30E-FE12F2213287}"
EndProject
Project("{FAE04EC0-301F-11D3-BF4B-00C04F79EFBC}") = "SystemLogic", "SystemLogic\SystemLogic.csproj", "{2EA4FEA6-AD92-4665-9840-94A8A2E3691D}"
EndProject
Global
	GlobalSection(SolutionConfigurationPlatforms) = preSolution
		Debug|Any CPU = Debug|Any CPU
		Release|Any CPU = Release|Any CPU
	EndGlobalSection
	GlobalSection(ProjectConfigurationPlatforms) = postSolution
		{BE6E798B-C6BB-4896-A6FC-D34497277483}.Debug|Any CPU.ActiveCfg = Debug|Any CPU
		{BE6E798B-C6BB-4896-A6FC-D34497277483}.Debug|Any CPU.Build.0 = Debug|Any CPU
		{BE6E798B-C6BB-4896-A6FC-D34497277483}.Release|Any CPU.ActiveCfg = Release|Any CPU
		{BE6E798B-C6BB-4896-A6FC-D34497277483}.Release|Any CPU.Build.0 = Release|Any CPU
		{79CB3B5F-5875-4B8D-B8DF-55B54941AFD3}.Debug|Any CPU.ActiveCfg = Debug|Any CPU
		{79CB3B5F-5875-4B8D-B8DF-55B54941AFD3}.Debug|Any CPU.Build.0 = Debug|Any CPU
		{79CB3B5F-5875-4B8D-B8DF-55B54941AFD3}.Debug|Any CPU.Deploy.0 = Debug|Any CPU
		{79CB3B5F-5875-4B8D-B8DF-55B54941AFD3}.Release|Any CPU.ActiveCfg = Release|Any CPU
		{79CB3B5F-5875-4B8D-B8DF-55B54941AFD3}.Release|Any CPU.Build.0 = Release|Any CPU
		{79CB3B5F-5875-4B8D-B8DF-55B54941AFD3}.Release|Any CPU.Deploy.0 = Release|Any CPU
		{DE38BEE2-6D34-4CA5-BDE1-92E6D8362B1F}.Debug|Any CPU.ActiveCfg = Debug|Any CPU
		{DE38BEE2-6D34-4CA5-BDE1-92E6D8362B1F}.Debug|Any CPU.Build.0 = Debug|Any CPU
		{DE38BEE2-6D34-4CA5-BDE1-92E6D8362B1F}.Release|Any CPU.ActiveCfg = Release|Any CPU
		{DE38BEE2-6D34-4CA5-BDE1-92E6D8362B1F}.Release|Any CPU.Build.0 = Release|Any CPU
		{1563E194-4CE3-47CE-B30E-FE12F2213287}.Debug|Any CPU.ActiveCfg = Debug|Any CPU
		{1563E194-4CE3-47CE-B30E-FE12F2213287}.Debug|Any CPU.Build.0 = Debug|Any CPU
		{1563E194-4CE3-47CE-B30E-FE12F2213287}.Release|Any CPU.ActiveCfg = Release|Any CPU
		{1563E194-4CE3-47CE-B30E-FE12F2213287}.Release|Any CPU.Build.0 = Release|Any CPU
		{2EA4FEA6-AD92-4665-9840-94A8A2E3691D}.Debug|Any CPU.ActiveCfg = Debug|Any CPU
		{2EA4FEA6-AD92-4665-9840-94A8A2E3691D}.Debug|Any CPU.Build.0 = Debug|Any CPU
		{2EA4FEA6-AD92-4665-9840-94A8A2E3691D}.Release|Any CPU.ActiveCfg = Release|Any CPU
		{2EA4FEA6-AD92-4665-9840-94A8A2E3691D}.Release|Any CPU.Build.0 = Release|Any CPU
	EndGlobalSection
	GlobalSection(SolutionProperties) = preSolution
		HideSolutionNode = FALSE
	EndGlobalSection
	GlobalSection(ExtensibilityGlobals) = postSolution
		SolutionGuid = {235453F6-CBCA-43AB-9E99-F58CF3DCF788}
	EndGlobalSection
EndGlobal
